
Microsoft Visual Studio Solution File, Format Version 12.00
# Visual Studio Version 17
VisualStudioVersion = 17.2.32505.173
MinimumVisualStudioVersion = 10.0.40219.1
Project("{FAE04EC0-301F-11D3-BF4B-00C04F79EFBC}") = "Loja x-Store", "Loja x-Store\Loja x-Store.csproj", "{808059A0-8628-4D9C-9E56-0BBD043FFB71}"
EndProject
Global
	GlobalSection(SolutionConfigurationPlatforms) = preSolution
		Debug|Any CPU = Debug|Any CPU
		Release|Any CPU = Release|Any CPU
	EndGlobalSection
	GlobalSection(ProjectConfigurationPlatforms) = postSolution
		{808059A0-8628-4D9C-9E56-0BBD043FFB71}.Debug|Any CPU.ActiveCfg = Debug|Any CPU
		{808059A0-8628-4D9C-9E56-0BBD043FFB71}.Debug|Any CPU.Build.0 = Debug|Any CPU
		{808059A0-8628-4D9C-9E56-0BBD043FFB71}.Release|Any CPU.ActiveCfg = Release|Any CPU
		{808059A0-8628-4D9C-9E56-0BBD043FFB71}.Release|Any CPU.Build.0 = Release|Any CPU
	EndGlobalSection
	GlobalSection(SolutionProperties) = preSolution
		HideSolutionNode = FALSE
	EndGlobalSection
	GlobalSection(ExtensibilityGlobals) = postSolution
		SolutionGuid = {8E079D86-5BC9-4010-83A6-DBED3356D81F}
	EndGlobalSection
EndGlobal
